
Microsoft Visual Studio Solution File, Format Version 12.00
# Visual Studio 14
VisualStudioVersion = 14.0.25420.1
MinimumVisualStudioVersion = 10.0.40219.1
Project("{FAE04EC0-301F-11D3-BF4B-00C04F79EFBC}") = "DevScope.BizTalk.PortMultiplier", "BizTalk Port Multiplier\DevScope.BizTalk.PortMultiplier.csproj", "{ABDA7379-111D-4A0D-B94F-063FCF790D98}"
EndProject
Global
	GlobalSection(SolutionConfigurationPlatforms) = preSolution
		Debug|Any CPU = Debug|Any CPU
		Release|Any CPU = Release|Any CPU
	EndGlobalSection
	GlobalSection(ProjectConfigurationPlatforms) = postSolution
		{ABDA7379-111D-4A0D-B94F-063FCF790D98}.Debug|Any CPU.ActiveCfg = Debug|Any CPU
		{ABDA7379-111D-4A0D-B94F-063FCF790D98}.Debug|Any CPU.Build.0 = Debug|Any CPU
		{ABDA7379-111D-4A0D-B94F-063FCF790D98}.Release|Any CPU.ActiveCfg = Release|Any CPU
		{ABDA7379-111D-4A0D-B94F-063FCF790D98}.Release|Any CPU.Build.0 = Release|Any CPU
	EndGlobalSection
	GlobalSection(SolutionProperties) = preSolution
		HideSolutionNode = FALSE
	EndGlobalSection
EndGlobal
